
Microsoft Visual Studio Solution File, Format Version 12.00
# Visual Studio Version 16
VisualStudioVersion = 16.0.31321.278
MinimumVisualStudioVersion = 10.0.40219.1
Project("{FAE04EC0-301F-11D3-BF4B-00C04F79EFBC}") = "DividindoXporY_URI1116", "DividindoXporY_URI1116\DividindoXporY_URI1116.csproj", "{A755CF42-129B-4C06-AC83-7E38F549A884}"
EndProject
Global
	GlobalSection(SolutionConfigurationPlatforms) = preSolution
		Debug|Any CPU = Debug|Any CPU
		Release|Any CPU = Release|Any CPU
	EndGlobalSection
	GlobalSection(ProjectConfigurationPlatforms) = postSolution
		{A755CF42-129B-4C06-AC83-7E38F549A884}.Debug|Any CPU.ActiveCfg = Debug|Any CPU
		{A755CF42-129B-4C06-AC83-7E38F549A884}.Debug|Any CPU.Build.0 = Debug|Any CPU
		{A755CF42-129B-4C06-AC83-7E38F549A884}.Release|Any CPU.ActiveCfg = Release|Any CPU
		{A755CF42-129B-4C06-AC83-7E38F549A884}.Release|Any CPU.Build.0 = Release|Any CPU
	EndGlobalSection
	GlobalSection(SolutionProperties) = preSolution
		HideSolutionNode = FALSE
	EndGlobalSection
	GlobalSection(ExtensibilityGlobals) = postSolution
		SolutionGuid = {644D25DB-3F26-4BC0-95E9-38D8CB061476}
	EndGlobalSection
EndGlobal
